// !$*UTF8*$!
{
	archiveVersion = 1;
	classes = {
	};
	objectVersion = 48;
	objects = {

/* Begin PBXBuildFile section */
		8A7131251EFF17E2001EDECF /* AppDelegate.swift in Sources */ = {isa = PBXBuildFile; fileRef = 8A7131241EFF17E2001EDECF /* AppDelegate.swift */; };
		8A71312A1EFF17E2001EDECF /* Main.storyboard in Resources */ = {isa = PBXBuildFile; fileRef = 8A7131281EFF17E2001EDECF /* Main.storyboard */; };
		8A71312C1EFF17E2001EDECF /* Assets.xcassets in Resources */ = {isa = PBXBuildFile; fileRef = 8A71312B1EFF17E2001EDECF /* Assets.xcassets */; };
		8A71312F1EFF17E2001EDECF /* LaunchScreen.storyboard in Resources */ = {isa = PBXBuildFile; fileRef = 8A71312D1EFF17E2001EDECF /* LaunchScreen.storyboard */; };
		8A7131371EFF1866001EDECF /* testVC.swift in Sources */ = {isa = PBXBuildFile; fileRef = 8A7131361EFF1866001EDECF /* testVC.swift */; };
		8A71313A1EFF18D6001EDECF /* PUIButton.swift in Sources */ = {isa = PBXBuildFile; fileRef = 8A7131391EFF18D6001EDECF /* PUIButton.swift */; };
/* End PBXBuildFile section */

/* Begin PBXFileReference section */
		8A7131211EFF17E2001EDECF /* PureUI.app */ = {isa = PBXFileReference; explicitFileType = wrapper.application; includeInIndex = 0; path = PureUI.app; sourceTree = BUILT_PRODUCTS_DIR; };
		8A7131241EFF17E2001EDECF /* AppDelegate.swift */ = {isa = PBXFileReference; lastKnownFileType = sourcecode.swift; path = AppDelegate.swift; sourceTree = "<group>"; };
		8A7131291EFF17E2001EDECF /* Base */ = {isa = PBXFileReference; lastKnownFileType = file.storyboard; name = Base; path = Base.lproj/Main.storyboard; sourceTree = "<group>"; };
		8A71312B1EFF17E2001EDECF /* Assets.xcassets */ = {isa = PBXFileReference; lastKnownFileType = folder.assetcatalog; path = Assets.xcassets; sourceTree = "<group>"; };
		8A71312E1EFF17E2001EDECF /* Base */ = {isa = PBXFileReference; lastKnownFileType = file.storyboard; name = Base; path = Base.lproj/LaunchScreen.storyboard; sourceTree = "<group>"; };
		8A7131301EFF17E2001EDECF /* Info.plist */ = {isa = PBXFileReference; lastKnownFileType = text.plist.xml; path = Info.plist; sourceTree = "<group>"; };
		8A7131361EFF1866001EDECF /* testVC.swift */ = {isa = PBXFileReference; lastKnownFileType = sourcecode.swift; path = testVC.swift; sourceTree = "<group>"; };
		8A7131391EFF18D6001EDECF /* PUIButton.swift */ = {isa = PBXFileReference; lastKnownFileType = sourcecode.swift; path = PUIButton.swift; sourceTree = "<group>"; };
/* End PBXFileReference section */

/* Begin PBXFrameworksBuildPhase section */
		8A71311E1EFF17E2001EDECF /* Frameworks */ = {
			isa = PBXFrameworksBuildPhase;
			buildActionMask = 2147483647;
			files = (
			);
			runOnlyForDeploymentPostprocessing = 0;
		};
/* End PBXFrameworksBuildPhase section */

/* Begin PBXGroup section */
		8A7131181EFF17E2001EDECF = {
			isa = PBXGroup;
			children = (
				8A7131231EFF17E2001EDECF /* PureUI */,
				8A7131221EFF17E2001EDECF /* Products */,
				8A7131281EFF17E2001EDECF /* Main.storyboard */,
				8A7131361EFF1866001EDECF /* testVC.swift */,
				8A7131381EFF1897001EDECF /* Source */,
			);
			sourceTree = "<group>";
		};
		8A7131221EFF17E2001EDECF /* Products */ = {
			isa = PBXGroup;
			children = (
				8A7131211EFF17E2001EDECF /* PureUI.app */,
			);
			name = Products;
			sourceTree = "<group>";
		};
		8A7131231EFF17E2001EDECF /* PureUI */ = {
			isa = PBXGroup;
			children = (
				8A7131241EFF17E2001EDECF /* AppDelegate.swift */,
				8A71312B1EFF17E2001EDECF /* Assets.xcassets */,
				8A71312D1EFF17E2001EDECF /* LaunchScreen.storyboard */,
				8A7131301EFF17E2001EDECF /* Info.plist */,
			);
			path = PureUI;
			sourceTree = "<group>";
		};
		8A7131381EFF1897001EDECF /* Source */ = {
			isa = PBXGroup;
			children = (
				8A7131391EFF18D6001EDECF /* PUIButton.swift */,
			);
			name = Source;
			sourceTree = "<group>";
		};
/* End PBXGroup section */

/* Begin PBXNativeTarget section */
		8A7131201EFF17E2001EDECF /* PureUI */ = {
			isa = PBXNativeTarget;
			buildConfigurationList = 8A7131331EFF17E2001EDECF /* Build configuration list for PBXNativeTarget "PureUI" */;
			buildPhases = (
				8A71311D1EFF17E2001EDECF /* Sources */,
				8A71311E1EFF17E2001EDECF /* Frameworks */,
				8A71311F1EFF17E2001EDECF /* Resources */,
			);
			buildRules = (
			);
			dependencies = (
			);
			name = PureUI;
			productName = PureUI;
			productReference = 8A7131211EFF17E2001EDECF /* PureUI.app */;
			productType = "com.apple.product-type.application";
		};
/* End PBXNativeTarget section */

/* Begin PBXProject section */
		8A7131191EFF17E2001EDECF /* Project object */ = {
			isa = PBXProject;
			attributes = {
				LastSwiftUpdateCheck = 0900;
				LastUpgradeCheck = 0900;
				ORGANIZATIONNAME = "Kenan Atmaca";
				TargetAttributes = {
					8A7131201EFF17E2001EDECF = {
						CreatedOnToolsVersion = 9.0;
					};
				};
			};
			buildConfigurationList = 8A71311C1EFF17E2001EDECF /* Build configuration list for PBXProject "PureUI" */;
			compatibilityVersion = "Xcode 8.0";
			developmentRegion = en;
			hasScannedForEncodings = 0;
			knownRegions = (
				en,
				Base,
			);
			mainGroup = 8A7131181EFF17E2001EDECF;
			productRefGroup = 8A7131221EFF17E2001EDECF /* Products */;
			projectDirPath = "";
			projectRoot = "";
			targets = (
				8A7131201EFF17E2001EDECF /* PureUI */,
			);
		};
/* End PBXProject section */

/* Begin PBXResourcesBuildPhase section */
		8A71311F1EFF17E2001EDECF /* Resources */ = {
			isa = PBXResourcesBuildPhase;
			buildActionMask = 2147483647;
			files = (
				8A71312F1EFF17E2001EDECF /* LaunchScreen.storyboard in Resources */,
				8A71312C1EFF17E2001EDECF /* Assets.xcassets in Resources */,
				8A71312A1EFF17E2001EDECF /* Main.storyboard in Resources */,
			);
			runOnlyForDeploymentPostprocessing = 0;
		};
/* End PBXResourcesBuildPhase section */

/* Begin PBXSourcesBuildPhase section */
		8A71311D1EFF17E2001EDECF /* Sources */ = {
			isa = PBXSourcesBuildPhase;
			buildActionMask = 2147483647;
			files = (
				8A71313A1EFF18D6001EDECF /* PUIButton.swift in Sources */,
				8A7131371EFF1866001EDECF /* testVC.swift in Sources */,
				8A7131251EFF17E2001EDECF /* AppDelegate.swift in Sources */,
			);
			runOnlyForDeploymentPostprocessing = 0;
		};
/* End PBXSourcesBuildPhase section */

/* Begin PBXVariantGroup section */
		8A7131281EFF17E2001EDECF /* Main.storyboard */ = {
			isa = PBXVariantGroup;
			children = (
				8A7131291EFF17E2001EDECF /* Base */,
			);
			name = Main.storyboard;
			sourceTree = "<group>";
		};
		8A71312D1EFF17E2001EDECF /* LaunchScreen.storyboard */ = {
			isa = PBXVariantGroup;
			children = (
				8A71312E1EFF17E2001EDECF /* Base */,
			);
			name = LaunchScreen.storyboard;
			sourceTree = "<group>";
		};
/* End PBXVariantGroup section */

/* Begin XCBuildConfiguration section */
		8A7131311EFF17E2001EDECF /* Debug */ = {
			isa = XCBuildConfiguration;
			buildSettings = {
				ALWAYS_SEARCH_USER_PATHS = NO;
				CLANG_ANALYZER_NONNULL = YES;
				CLANG_ANALYZER_NUMBER_OBJECT_CONVERSION = YES_AGGRESSIVE;
				CLANG_CXX_LANGUAGE_STANDARD = "gnu++14";
				CLANG_CXX_LIBRARY = "libc++";
				CLANG_ENABLE_MODULES = YES;
				CLANG_ENABLE_OBJC_ARC = YES;
				CLANG_WARN_BLOCK_CAPTURE_AUTORELEASING = YES;
				CLANG_WARN_BOOL_CONVERSION = YES;
				CLANG_WARN_COMMA = YES;
				CLANG_WARN_CONSTANT_CONVERSION = YES;
				CLANG_WARN_DIRECT_OBJC_ISA_USAGE = YES_ERROR;
				CLANG_WARN_DOCUMENTATION_COMMENTS = YES;
				CLANG_WARN_EMPTY_BODY = YES;
				CLANG_WARN_ENUM_CONVERSION = YES;
				CLANG_WARN_INFINITE_RECURSION = YES;
				CLANG_WARN_INT_CONVERSION = YES;
				CLANG_WARN_OBJC_ROOT_CLASS = YES_ERROR;
				CLANG_WARN_RANGE_LOOP_ANALYSIS = YES;
				CLANG_WARN_STRICT_PROTOTYPES = YES;
				CLANG_WARN_SUSPICIOUS_MOVE = YES;
				CLANG_WARN_UNGUARDED_AVAILABILITY = YES_AGGRESSIVE;
				CLANG_WARN_UNREACHABLE_CODE = YES;
				CLANG_WARN__DUPLICATE_METHOD_MATCH = YES;
				CODE_SIGN_IDENTITY = "iPhone Developer";
				COPY_PHASE_STRIP = NO;
				DEBUG_INFORMATION_FORMAT = dwarf;
				ENABLE_STRICT_OBJC_MSGSEND = YES;
				ENABLE_TESTABILITY = YES;
				GCC_C_LANGUAGE_STANDARD = gnu11;
				GCC_DYNAMIC_NO_PIC = NO;
				GCC_NO_COMMON_BLOCKS = YES;
				GCC_OPTIMIZATION_LEVEL = 0;
				GCC_PREPROCESSOR_DEFINITIONS = (
					"DEBUG=1",
					"$(inherited)",
				);
				GCC_WARN_64_TO_32_BIT_CONVERSION = YES;
				GCC_WARN_ABOUT_RETURN_TYPE = YES_ERROR;
				GCC_WARN_UNDECLARED_SELECTOR = YES;
				GCC_WARN_UNINITIALIZED_AUTOS = YES_AGGRESSIVE;
				GCC_WARN_UNUSED_FUNCTION = YES;
				GCC_WARN_UNUSED_VARIABLE = YES;
				IPHONEOS_DEPLOYMENT_TARGET = 10.0;
				MTL_ENABLE_DEBUG_INFO = YES;
				ONLY_ACTIVE_ARCH = YES;
				SDKROOT = iphoneos;
				SWIFT_ACTIVE_COMPILATION_CONDITIONS = DEBUG;
				SWIFT_OPTIMIZATION_LEVEL = "-Onone";
			};
			name = Debug;
		};
		8A7131321EFF17E2001EDECF /* Release */ = {
			isa = XCBuildConfiguration;
			buildSettings = {
				ALWAYS_SEARCH_USER_PATHS = NO;
				CLANG_ANALYZER_NONNULL = YES;
				CLANG_ANALYZER_NUMBER_OBJECT_CONVERSION = YES_AGGRESSIVE;
				CLANG_CXX_LANGUAGE_STANDARD = "gnu++14";
				CLANG_CXX_LIBRARY = "libc++";
				CLANG_ENABLE_MODULES = YES;
				CLANG_ENABLE_OBJC_ARC = YES;
				CLANG_WARN_BLOCK_CAPTURE_AUTORELEASING = YES;
				CLANG_WARN_BOOL_CONVERSION = YES;
				CLANG_WARN_COMMA = YES;
				CLANG_WARN_CONSTANT_CONVERSION = YES;
				CLANG_WARN_DIRECT_OBJC_ISA_USAGE = YES_ERROR;
				CLANG_WARN_DOCUMENTATION_COMMENTS = YES;
				CLANG_WARN_EMPTY_BODY = YES;
				CLANG_WARN_ENUM_CONVERSION = YES;
				CLANG_WARN_INFINITE_RECURSION = YES;
				CLANG_WARN_INT_CONVERSION = YES;
				CLANG_WARN_OBJC_ROOT_CLASS = YES_ERROR;
				CLANG_WARN_RANGE_LOOP_ANALYSIS = YES;
				CLANG_WARN_STRICT_PROTOTYPES = YES;
				CLANG_WARN_SUSPICIOUS_MOVE = YES;
				CLANG_WARN_UNGUARDED_AVAILABILITY = YES_AGGRESSIVE;
				CLANG_WARN_UNREACHABLE_CODE = YES;
				CLANG_WARN__DUPLICATE_METHOD_MATCH = YES;
				CODE_SIGN_IDENTITY = "iPhone Developer";
				COPY_PHASE_STRIP = NO;
				DEBUG_INFORMATION_FORMAT = "dwarf-with-dsym";
				ENABLE_NS_ASSERTIONS = NO;
				ENABLE_STRICT_OBJC_MSGSEND = YES;
				GCC_C_LANGUAGE_STANDARD = gnu11;
				GCC_NO_COMMON_BLOCKS = YES;
				GCC_WARN_64_TO_32_BIT_CONVERSION = YES;
				GCC_WARN_ABOUT_RETURN_TYPE = YES_ERROR;
				GCC_WARN_UNDECLARED_SELECTOR = YES;
				GCC_WARN_UNINITIALIZED_AUTOS = YES_AGGRESSIVE;
				GCC_WARN_UNUSED_FUNCTION = YES;
				GCC_WARN_UNUSED_VARIABLE = YES;
				IPHONEOS_DEPLOYMENT_TARGET = 10.0;
				MTL_ENABLE_DEBUG_INFO = NO;
				SDKROOT = iphoneos;
				SWIFT_OPTIMIZATION_LEVEL = "-Owholemodule";
				VALIDATE_PRODUCT = YES;
			};
			name = Release;
		};
		8A7131341EFF17E2001EDECF /* Debug */ = {
			isa = XCBuildConfiguration;
			buildSettings = {
				ASSETCATALOG_COMPILER_APPICON_NAME = AppIcon;
				DEVELOPMENT_TEAM = 2B24WNBC56;
				INFOPLIST_FILE = PureUI/Info.plist;
				IPHONEOS_DEPLOYMENT_TARGET = 10.0;
				LD_RUNPATH_SEARCH_PATHS = "$(inherited) @executable_path/Frameworks";
				PRODUCT_BUNDLE_IDENTIFIER = com.kenanatmaca.PureUI;
				PRODUCT_NAME = "$(TARGET_NAME)";
				SWIFT_VERSION = 4.0;
				TARGETED_DEVICE_FAMILY = "1,2";
			};
			name = Debug;
		};
		8A7131351EFF17E2001EDECF /* Release */ = {
			isa = XCBuildConfiguration;
			buildSettings = {
				ASSETCATALOG_COMPILER_APPICON_NAME = AppIcon;
				DEVELOPMENT_TEAM = 2B24WNBC56;
				INFOPLIST_FILE = PureUI/Info.plist;
				IPHONEOS_DEPLOYMENT_TARGET = 10.0;
				LD_RUNPATH_SEARCH_PATHS = "$(inherited) @executable_path/Frameworks";
				PRODUCT_BUNDLE_IDENTIFIER = com.kenanatmaca.PureUI;
				PRODUCT_NAME = "$(TARGET_NAME)";
				SWIFT_VERSION = 4.0;
				TARGETED_DEVICE_FAMILY = "1,2";
			};
			name = Release;
		};
/* End XCBuildConfiguration section */

/* Begin XCConfigurationList section */
		8A71311C1EFF17E2001EDECF /* Build configuration list for PBXProject "PureUI" */ = {
			isa = XCConfigurationList;
			buildConfigurations = (
				8A7131311EFF17E2001EDECF /* Debug */,
				8A7131321EFF17E2001EDECF /* Release */,
			);
			defaultConfigurationIsVisible = 0;
			defaultConfigurationName = Release;
		};
		8A7131331EFF17E2001EDECF /* Build configuration list for PBXNativeTarget "PureUI" */ = {
			isa = XCConfigurationList;
			buildConfigurations = (
				8A7131341EFF17E2001EDECF /* Debug */,
				8A7131351EFF17E2001EDECF /* Release */,
			);
			defaultConfigurationIsVisible = 0;
		};
/* End XCConfigurationList section */
	};
	rootObject = 8A7131191EFF17E2001EDECF /* Project object */;
}
